// !$*UTF8*$!
{
	archiveVersion = 1;
	classes = {
	};
	objectVersion = 56;
	objects = {

/* Begin PBXBuildFile section */
		3BAB30B628FC8D5D0008A05C /* AppDelegate.swift in Sources */ = {isa = PBXBuildFile; fileRef = 3BAB30B528FC8D5D0008A05C /* AppDelegate.swift */; };
		3BAB30B828FC8D5D0008A05C /* SceneDelegate.swift in Sources */ = {isa = PBXBuildFile; fileRef = 3BAB30B728FC8D5D0008A05C /* SceneDelegate.swift */; };
		3BAB30BA28FC8D5D0008A05C /* ViewController.swift in Sources */ = {isa = PBXBuildFile; fileRef = 3BAB30B928FC8D5D0008A05C /* ViewController.swift */; };
		3BAB30BD28FC8D5D0008A05C /* Main.storyboard in Resources */ = {isa = PBXBuildFile; fileRef = 3BAB30BB28FC8D5D0008A05C /* Main.storyboard */; };
		3BAB30BF28FC8D5E0008A05C /* Assets.xcassets in Resources */ = {isa = PBXBuildFile; fileRef = 3BAB30BE28FC8D5E0008A05C /* Assets.xcassets */; };
		3BAB30C228FC8D5E0008A05C /* LaunchScreen.storyboard in Resources */ = {isa = PBXBuildFile; fileRef = 3BAB30C028FC8D5E0008A05C /* LaunchScreen.storyboard */; };
/* End PBXBuildFile section */

/* Begin PBXFileReference section */
		3BAB30B228FC8D5D0008A05C /* Easy_Currency.app */ = {isa = PBXFileReference; explicitFileType = wrapper.application; includeInIndex = 0; path = Easy_Currency.app; sourceTree = BUILT_PRODUCTS_DIR; };
		3BAB30B528FC8D5D0008A05C /* AppDelegate.swift */ = {isa = PBXFileReference; lastKnownFileType = sourcecode.swift; path = AppDelegate.swift; sourceTree = "<group>"; };
		3BAB30B728FC8D5D0008A05C /* SceneDelegate.swift */ = {isa = PBXFileReference; lastKnownFileType = sourcecode.swift; path = SceneDelegate.swift; sourceTree = "<group>"; };
		3BAB30B928FC8D5D0008A05C /* ViewController.swift */ = {isa = PBXFileReference; lastKnownFileType = sourcecode.swift; path = ViewController.swift; sourceTree = "<group>"; };
		3BAB30BC28FC8D5D0008A05C /* Base */ = {isa = PBXFileReference; lastKnownFileType = file.storyboard; name = Base; path = Base.lproj/Main.storyboard; sourceTree = "<group>"; };
		3BAB30BE28FC8D5E0008A05C /* Assets.xcassets */ = {isa = PBXFileReference; lastKnownFileType = folder.assetcatalog; path = Assets.xcassets; sourceTree = "<group>"; };
		3BAB30C128FC8D5E0008A05C /* Base */ = {isa = PBXFileReference; lastKnownFileType = file.storyboard; name = Base; path = Base.lproj/LaunchScreen.storyboard; sourceTree = "<group>"; };
		3BAB30C328FC8D5E0008A05C /* Info.plist */ = {isa = PBXFileReference; lastKnownFileType = text.plist.xml; path = Info.plist; sourceTree = "<group>"; };
/* End PBXFileReference section */

/* Begin PBXFrameworksBuildPhase section */
		3BAB30AF28FC8D5D0008A05C /* Frameworks */ = {
			isa = PBXFrameworksBuildPhase;
			buildActionMask = 2147483647;
			files = (
			);
			runOnlyForDeploymentPostprocessing = 0;
		};
/* End PBXFrameworksBuildPhase section */

/* Begin PBXGroup section */
		3BAB30A928FC8D5D0008A05C = {
			isa = PBXGroup;
			children = (
				3BAB30B428FC8D5D0008A05C /* Easy_Currency */,
				3BAB30B328FC8D5D0008A05C /* Products */,
			);
			sourceTree = "<group>";
		};
		3BAB30B328FC8D5D0008A05C /* Products */ = {
			isa = PBXGroup;
			children = (
				3BAB30B228FC8D5D0008A05C /* Easy_Currency.app */,
			);
			name = Products;
			sourceTree = "<group>";
		};
		3BAB30B428FC8D5D0008A05C /* Easy_Currency */ = {
			isa = PBXGroup;
			children = (
				3BAB30B528FC8D5D0008A05C /* AppDelegate.swift */,
				3BAB30B728FC8D5D0008A05C /* SceneDelegate.swift */,
				3BAB30B928FC8D5D0008A05C /* ViewController.swift */,
				3BAB30BB28FC8D5D0008A05C /* Main.storyboard */,
				3BAB30BE28FC8D5E0008A05C /* Assets.xcassets */,
				3BAB30C028FC8D5E0008A05C /* LaunchScreen.storyboard */,
				3BAB30C328FC8D5E0008A05C /* Info.plist */,
			);
			path = Easy_Currency;
			sourceTree = "<group>";
		};
/* End PBXGroup section */

/* Begin PBXNativeTarget section */
		3BAB30B128FC8D5D0008A05C /* Easy_Currency */ = {
			isa = PBXNativeTarget;
			buildConfigurationList = 3BAB30C628FC8D5E0008A05C /* Build configuration list for PBXNativeTarget "Easy_Currency" */;
			buildPhases = (
				3BAB30AE28FC8D5D0008A05C /* Sources */,
				3BAB30AF28FC8D5D0008A05C /* Frameworks */,
				3BAB30B028FC8D5D0008A05C /* Resources */,
			);
			buildRules = (
			);
			dependencies = (
			);
			name = Easy_Currency;
			productName = Easy_Currency;
			productReference = 3BAB30B228FC8D5D0008A05C /* Easy_Currency.app */;
			productType = "com.apple.product-type.application";
		};
/* End PBXNativeTarget section */

/* Begin PBXProject section */
		3BAB30AA28FC8D5D0008A05C /* Project object */ = {
			isa = PBXProject;
			attributes = {
				BuildIndependentTargetsInParallel = 1;
				LastSwiftUpdateCheck = 1400;
				LastUpgradeCheck = 1400;
				TargetAttributes = {
					3BAB30B128FC8D5D0008A05C = {
						CreatedOnToolsVersion = 14.0.1;
					};
				};
			};
			buildConfigurationList = 3BAB30AD28FC8D5D0008A05C /* Build configuration list for PBXProject "Easy_Currency" */;
			compatibilityVersion = "Xcode 14.0";
			developmentRegion = en;
			hasScannedForEncodings = 0;
			knownRegions = (
				en,
				Base,
			);
			mainGroup = 3BAB30A928FC8D5D0008A05C;
			productRefGroup = 3BAB30B328FC8D5D0008A05C /* Products */;
			projectDirPath = "";
			projectRoot = "";
			targets = (
				3BAB30B128FC8D5D0008A05C /* Easy_Currency */,
			);
		};
/* End PBXProject section */

/* Begin PBXResourcesBuildPhase section */
		3BAB30B028FC8D5D0008A05C /* Resources */ = {
			isa = PBXResourcesBuildPhase;
			buildActionMask = 2147483647;
			files = (
				3BAB30C228FC8D5E0008A05C /* LaunchScreen.storyboard in Resources */,
				3BAB30BF28FC8D5E0008A05C /* Assets.xcassets in Resources */,
				3BAB30BD28FC8D5D0008A05C /* Main.storyboard in Resources */,
			);
			runOnlyForDeploymentPostprocessing = 0;
		};
/* End PBXResourcesBuildPhase section */

/* Begin PBXSourcesBuildPhase section */
		3BAB30AE28FC8D5D0008A05C /* Sources */ = {
			isa = PBXSourcesBuildPhase;
			buildActionMask = 2147483647;
			files = (
				3BAB30BA28FC8D5D0008A05C /* ViewController.swift in Sources */,
				3BAB30B628FC8D5D0008A05C /* AppDelegate.swift in Sources */,
				3BAB30B828FC8D5D0008A05C /* SceneDelegate.swift in Sources */,
			);
			runOnlyForDeploymentPostprocessing = 0;
		};
/* End PBXSourcesBuildPhase section */

/* Begin PBXVariantGroup section */
		3BAB30BB28FC8D5D0008A05C /* Main.storyboard */ = {
			isa = PBXVariantGroup;
			children = (
				3BAB30BC28FC8D5D0008A05C /* Base */,
			);
			name = Main.storyboard;
			sourceTree = "<group>";
		};
		3BAB30C028FC8D5E0008A05C /* LaunchScreen.storyboard */ = {
			isa = PBXVariantGroup;
			children = (
				3BAB30C128FC8D5E0008A05C /* Base */,
			);
			name = LaunchScreen.storyboard;
			sourceTree = "<group>";
		};
/* End PBXVariantGroup section */

/* Begin XCBuildConfiguration section */
		3BAB30C428FC8D5E0008A05C /* Debug */ = {
			isa = XCBuildConfiguration;
			buildSettings = {
				ALWAYS_SEARCH_USER_PATHS = NO;
				CLANG_ANALYZER_NONNULL = YES;
				CLANG_ANALYZER_NUMBER_OBJECT_CONVERSION = YES_AGGRESSIVE;
				CLANG_CXX_LANGUAGE_STANDARD = "gnu++20";
				CLANG_ENABLE_MODULES = YES;
				CLANG_ENABLE_OBJC_ARC = YES;
				CLANG_ENABLE_OBJC_WEAK = YES;
				CLANG_WARN_BLOCK_CAPTURE_AUTORELEASING = YES;
				CLANG_WARN_BOOL_CONVERSION = YES;
				CLANG_WARN_COMMA = YES;
				CLANG_WARN_CONSTANT_CONVERSION = YES;
				CLANG_WARN_DEPRECATED_OBJC_IMPLEMENTATIONS = YES;
				CLANG_WARN_DIRECT_OBJC_ISA_USAGE = YES_ERROR;
				CLANG_WARN_DOCUMENTATION_COMMENTS = YES;
				CLANG_WARN_EMPTY_BODY = YES;
				CLANG_WARN_ENUM_CONVERSION = YES;
				CLANG_WARN_INFINITE_RECURSION = YES;
				CLANG_WARN_INT_CONVERSION = YES;
				CLANG_WARN_NON_LITERAL_NULL_CONVERSION = YES;
				CLANG_WARN_OBJC_IMPLICIT_RETAIN_SELF = YES;
				CLANG_WARN_OBJC_LITERAL_CONVERSION = YES;
				CLANG_WARN_OBJC_ROOT_CLASS = YES_ERROR;
				CLANG_WARN_QUOTED_INCLUDE_IN_FRAMEWORK_HEADER = YES;
				CLANG_WARN_RANGE_LOOP_ANALYSIS = YES;
				CLANG_WARN_STRICT_PROTOTYPES = YES;
				CLANG_WARN_SUSPICIOUS_MOVE = YES;
				CLANG_WARN_UNGUARDED_AVAILABILITY = YES_AGGRESSIVE;
				CLANG_WARN_UNREACHABLE_CODE = YES;
				CLANG_WARN__DUPLICATE_METHOD_MATCH = YES;
				COPY_PHASE_STRIP = NO;
				DEBUG_INFORMATION_FORMAT = dwarf;
				ENABLE_STRICT_OBJC_MSGSEND = YES;
				ENABLE_TESTABILITY = YES;
				GCC_C_LANGUAGE_STANDARD = gnu11;
				GCC_DYNAMIC_NO_PIC = NO;
				GCC_NO_COMMON_BLOCKS = YES;
				GCC_OPTIMIZATION_LEVEL = 0;
				GCC_PREPROCESSOR_DEFINITIONS = (
					"DEBUG=1",
					"$(inherited)",
				);
				GCC_WARN_64_TO_32_BIT_CONVERSION = YES;
				GCC_WARN_ABOUT_RETURN_TYPE = YES_ERROR;
				GCC_WARN_UNDECLARED_SELECTOR = YES;
				GCC_WARN_UNINITIALIZED_AUTOS = YES_AGGRESSIVE;
				GCC_WARN_UNUSED_FUNCTION = YES;
				GCC_WARN_UNUSED_VARIABLE = YES;
				IPHONEOS_DEPLOYMENT_TARGET = 16.0;
				MTL_ENABLE_DEBUG_INFO = INCLUDE_SOURCE;
				MTL_FAST_MATH = YES;
				ONLY_ACTIVE_ARCH = YES;
				SDKROOT = iphoneos;
				SWIFT_ACTIVE_COMPILATION_CONDITIONS = DEBUG;
				SWIFT_OPTIMIZATION_LEVEL = "-Onone";
			};
			name = Debug;
		};
		3BAB30C528FC8D5E0008A05C /* Release */ = {
			isa = XCBuildConfiguration;
			buildSettings = {
				ALWAYS_SEARCH_USER_PATHS = NO;
				CLANG_ANALYZER_NONNULL = YES;
				CLANG_ANALYZER_NUMBER_OBJECT_CONVERSION = YES_AGGRESSIVE;
				CLANG_CXX_LANGUAGE_STANDARD = "gnu++20";
				CLANG_ENABLE_MODULES = YES;
				CLANG_ENABLE_OBJC_ARC = YES;
				CLANG_ENABLE_OBJC_WEAK = YES;
				CLANG_WARN_BLOCK_CAPTURE_AUTORELEASING = YES;
				CLANG_WARN_BOOL_CONVERSION = YES;
				CLANG_WARN_COMMA = YES;
				CLANG_WARN_CONSTANT_CONVERSION = YES;
				CLANG_WARN_DEPRECATED_OBJC_IMPLEMENTATIONS = YES;
				CLANG_WARN_DIRECT_OBJC_ISA_USAGE = YES_ERROR;
				CLANG_WARN_DOCUMENTATION_COMMENTS = YES;
				CLANG_WARN_EMPTY_BODY = YES;
				CLANG_WARN_ENUM_CONVERSION = YES;
				CLANG_WARN_INFINITE_RECURSION = YES;
				CLANG_WARN_INT_CONVERSION = YES;
				CLANG_WARN_NON_LITERAL_NULL_CONVERSION = YES;
				CLANG_WARN_OBJC_IMPLICIT_RETAIN_SELF = YES;
				CLANG_WARN_OBJC_LITERAL_CONVERSION = YES;
				CLANG_WARN_OBJC_ROOT_CLASS = YES_ERROR;
				CLANG_WARN_QUOTED_INCLUDE_IN_FRAMEWORK_HEADER = YES;
				CLANG_WARN_RANGE_LOOP_ANALYSIS = YES;
				CLANG_WARN_STRICT_PROTOTYPES = YES;
				CLANG_WARN_SUSPICIOUS_MOVE = YES;
				CLANG_WARN_UNGUARDED_AVAILABILITY = YES_AGGRESSIVE;
				CLANG_WARN_UNREACHABLE_CODE = YES;
				CLANG_WARN__DUPLICATE_METHOD_MATCH = YES;
				COPY_PHASE_STRIP = NO;
				DEBUG_INFORMATION_FORMAT = "dwarf-with-dsym";
				ENABLE_NS_ASSERTIONS = NO;
				ENABLE_STRICT_OBJC_MSGSEND = YES;
				GCC_C_LANGUAGE_STANDARD = gnu11;
				GCC_NO_COMMON_BLOCKS = YES;
				GCC_WARN_64_TO_32_BIT_CONVERSION = YES;
				GCC_WARN_ABOUT_RETURN_TYPE = YES_ERROR;
				GCC_WARN_UNDECLARED_SELECTOR = YES;
				GCC_WARN_UNINITIALIZED_AUTOS = YES_AGGRESSIVE;
				GCC_WARN_UNUSED_FUNCTION = YES;
				GCC_WARN_UNUSED_VARIABLE = YES;
				IPHONEOS_DEPLOYMENT_TARGET = 16.0;
				MTL_ENABLE_DEBUG_INFO = NO;
				MTL_FAST_MATH = YES;
				SDKROOT = iphoneos;
				SWIFT_COMPILATION_MODE = wholemodule;
				SWIFT_OPTIMIZATION_LEVEL = "-O";
				VALIDATE_PRODUCT = YES;
			};
			name = Release;
		};
		3BAB30C728FC8D5E0008A05C /* Debug */ = {
			isa = XCBuildConfiguration;
			buildSettings = {
				ASSETCATALOG_COMPILER_APPICON_NAME = AppIcon;
				ASSETCATALOG_COMPILER_GLOBAL_ACCENT_COLOR_NAME = AccentColor;
				CODE_SIGN_STYLE = Automatic;
				CURRENT_PROJECT_VERSION = 1;
				DEVELOPMENT_TEAM = GC4L7S8Y7X;
				GENERATE_INFOPLIST_FILE = YES;
				INFOPLIST_FILE = Easy_Currency/Info.plist;
				INFOPLIST_KEY_UIApplicationSupportsIndirectInputEvents = YES;
				INFOPLIST_KEY_UILaunchStoryboardName = LaunchScreen;
				INFOPLIST_KEY_UIMainStoryboardFile = Main;
				INFOPLIST_KEY_UISupportedInterfaceOrientations_iPad = "UIInterfaceOrientationPortrait UIInterfaceOrientationPortraitUpsideDown UIInterfaceOrientationLandscapeLeft UIInterfaceOrientationLandscapeRight";
				INFOPLIST_KEY_UISupportedInterfaceOrientations_iPhone = "UIInterfaceOrientationPortrait UIInterfaceOrientationLandscapeLeft UIInterfaceOrientationLandscapeRight";
				LD_RUNPATH_SEARCH_PATHS = (
					"$(inherited)",
					"@executable_path/Frameworks",
				);
				MARKETING_VERSION = 1.0;
				PRODUCT_BUNDLE_IDENTIFIER = "com.muharremkoroglu.Easy-Currency";
				PRODUCT_NAME = "$(TARGET_NAME)";
				SWIFT_EMIT_LOC_STRINGS = YES;
				SWIFT_VERSION = 5.0;
				TARGETED_DEVICE_FAMILY = "1,2";
			};
			name = Debug;
		};
		3BAB30C828FC8D5E0008A05C /* Release */ = {
			isa = XCBuildConfiguration;
			buildSettings = {
				ASSETCATALOG_COMPILER_APPICON_NAME = AppIcon;
				ASSETCATALOG_COMPILER_GLOBAL_ACCENT_COLOR_NAME = AccentColor;
				CODE_SIGN_STYLE = Automatic;
				CURRENT_PROJECT_VERSION = 1;
				DEVELOPMENT_TEAM = GC4L7S8Y7X;
				GENERATE_INFOPLIST_FILE = YES;
				INFOPLIST_FILE = Easy_Currency/Info.plist;
				INFOPLIST_KEY_UIApplicationSupportsIndirectInputEvents = YES;
				INFOPLIST_KEY_UILaunchStoryboardName = LaunchScreen;
				INFOPLIST_KEY_UIMainStoryboardFile = Main;
				INFOPLIST_KEY_UISupportedInterfaceOrientations_iPad = "UIInterfaceOrientationPortrait UIInterfaceOrientationPortraitUpsideDown UIInterfaceOrientationLandscapeLeft UIInterfaceOrientationLandscapeRight";
				INFOPLIST_KEY_UISupportedInterfaceOrientations_iPhone = "UIInterfaceOrientationPortrait UIInterfaceOrientationLandscapeLeft UIInterfaceOrientationLandscapeRight";
				LD_RUNPATH_SEARCH_PATHS = (
					"$(inherited)",
					"@executable_path/Frameworks",
				);
				MARKETING_VERSION = 1.0;
				PRODUCT_BUNDLE_IDENTIFIER = "com.muharremkoroglu.Easy-Currency";
				PRODUCT_NAME = "$(TARGET_NAME)";
				SWIFT_EMIT_LOC_STRINGS = YES;
				SWIFT_VERSION = 5.0;
				TARGETED_DEVICE_FAMILY = "1,2";
			};
			name = Release;
		};
/* End XCBuildConfiguration section */

/* Begin XCConfigurationList section */
		3BAB30AD28FC8D5D0008A05C /* Build configuration list for PBXProject "Easy_Currency" */ = {
			isa = XCConfigurationList;
			buildConfigurations = (
				3BAB30C428FC8D5E0008A05C /* Debug */,
				3BAB30C528FC8D5E0008A05C /* Release */,
			);
			defaultConfigurationIsVisible = 0;
			defaultConfigurationName = Release;
		};
		3BAB30C628FC8D5E0008A05C /* Build configuration list for PBXNativeTarget "Easy_Currency" */ = {
			isa = XCConfigurationList;
			buildConfigurations = (
				3BAB30C728FC8D5E0008A05C /* Debug */,
				3BAB30C828FC8D5E0008A05C /* Release */,
			);
			defaultConfigurationIsVisible = 0;
			defaultConfigurationName = Release;
		};
/* End XCConfigurationList section */
	};
	rootObject = 3BAB30AA28FC8D5D0008A05C /* Project object */;
}
